
Microsoft Visual Studio Solution File, Format Version 12.00
# Visual Studio 2013
VisualStudioVersion = 12.0.40629.0
MinimumVisualStudioVersion = 10.0.40219.1
Project("{FAE04EC0-301F-11D3-BF4B-00C04F79EFBC}") = "SunacCADApp", "SunacCADApp\SunacCADApp.csproj", "{47DB3C7A-C71E-4DE3-81DC-A80590FBC6B0}"
EndProject
Project("{FAE04EC0-301F-11D3-BF4B-00C04F79EFBC}") = "SunacCADApp.Entity", "SunacCADApp.Entity\SunacCADApp.Entity.csproj", "{A79E65F4-82DF-4063-AAA1-27A2DBB69997}"
EndProject
Project("{FAE04EC0-301F-11D3-BF4B-00C04F79EFBC}") = "SunacCADApp.Data", "SunacCADApp.Data\SunacCADApp.Data.csproj", "{7A288BE7-1940-401E-8B97-C0231857DE21}"
EndProject
Project("{FAE04EC0-301F-11D3-BF4B-00C04F79EFBC}") = "SunacCADApp.Library", "SunacCADApp.Library\SunacCADApp.Library.csproj", "{3E7513E1-1863-4B37-ADD7-51A0167EE67A}"
EndProject
Global
	GlobalSection(SolutionConfigurationPlatforms) = preSolution
		Debug|Any CPU = Debug|Any CPU
		Release|Any CPU = Release|Any CPU
	EndGlobalSection
	GlobalSection(ProjectConfigurationPlatforms) = postSolution
		{47DB3C7A-C71E-4DE3-81DC-A80590FBC6B0}.Debug|Any CPU.ActiveCfg = Debug|Any CPU
		{47DB3C7A-C71E-4DE3-81DC-A80590FBC6B0}.Debug|Any CPU.Build.0 = Debug|Any CPU
		{47DB3C7A-C71E-4DE3-81DC-A80590FBC6B0}.Release|Any CPU.ActiveCfg = Release|Any CPU
		{47DB3C7A-C71E-4DE3-81DC-A80590FBC6B0}.Release|Any CPU.Build.0 = Release|Any CPU
		{A79E65F4-82DF-4063-AAA1-27A2DBB69997}.Debug|Any CPU.ActiveCfg = Debug|Any CPU
		{A79E65F4-82DF-4063-AAA1-27A2DBB69997}.Debug|Any CPU.Build.0 = Debug|Any CPU
		{A79E65F4-82DF-4063-AAA1-27A2DBB69997}.Release|Any CPU.ActiveCfg = Release|Any CPU
		{A79E65F4-82DF-4063-AAA1-27A2DBB69997}.Release|Any CPU.Build.0 = Release|Any CPU
		{7A288BE7-1940-401E-8B97-C0231857DE21}.Debug|Any CPU.ActiveCfg = Debug|Any CPU
		{7A288BE7-1940-401E-8B97-C0231857DE21}.Debug|Any CPU.Build.0 = Debug|Any CPU
		{7A288BE7-1940-401E-8B97-C0231857DE21}.Release|Any CPU.ActiveCfg = Release|Any CPU
		{7A288BE7-1940-401E-8B97-C0231857DE21}.Release|Any CPU.Build.0 = Release|Any CPU
		{3E7513E1-1863-4B37-ADD7-51A0167EE67A}.Debug|Any CPU.ActiveCfg = Debug|Any CPU
		{3E7513E1-1863-4B37-ADD7-51A0167EE67A}.Debug|Any CPU.Build.0 = Debug|Any CPU
		{3E7513E1-1863-4B37-ADD7-51A0167EE67A}.Release|Any CPU.ActiveCfg = Release|Any CPU
		{3E7513E1-1863-4B37-ADD7-51A0167EE67A}.Release|Any CPU.Build.0 = Release|Any CPU
	EndGlobalSection
	GlobalSection(SolutionProperties) = preSolution
		HideSolutionNode = FALSE
	EndGlobalSection
EndGlobal
